<?xml version="1.0" encoding="utf-8"?>
<Project ToolsVersion="4.0" xmlns="http://schemas.microsoft.com/developer/msbuild/2003">
  <ItemGroup>
    <Filter Include="Chinatsu">
      <UniqueIdentifier>{440E8293-30DB-DC9E-59F4-CA464520122D}</UniqueIdentifier>
    </Filter>
    <Filter Include="Chinatsu\Events">
      <UniqueIdentifier>{A885D873-1411-4638-1D22-C92C892CA238}</UniqueIdentifier>
    </Filter>
  </ItemGroup>
  <ItemGroup>
    <ClInclude Include="src\Chinatsu.h" />
    <ClInclude Include="src\Chinatsu\Application.h">
      <Filter>Chinatsu</Filter>
    </ClInclude>
    <ClInclude Include="src\Chinatsu\Core.h">
      <Filter>Chinatsu</Filter>
    </ClInclude>
    <ClInclude Include="src\Chinatsu\EntryPoint.h">
      <Filter>Chinatsu</Filter>
    </ClInclude>
    <ClInclude Include="src\Chinatsu\Events\ApplicationEvent.h">
      <Filter>Chinatsu\Events</Filter>
    </ClInclude>
    <ClInclude Include="src\Chinatsu\Events\Event.h">
      <Filter>Chinatsu\Events</Filter>
    </ClInclude>
    <ClInclude Include="src\Chinatsu\Events\KeyEvent.h">
      <Filter>Chinatsu\Events</Filter>
    </ClInclude>
    <ClInclude Include="src\Chinatsu\Events\MouseEvent.h">
      <Filter>Chinatsu\Events</Filter>
    </ClInclude>
    <ClInclude Include="src\Chinatsu\Log.h">
      <Filter>Chinatsu</Filter>
    </ClInclude>
  </ItemGroup>
  <ItemGroup>
    <ClCompile Include="src\Chinatsu\Application.cpp">
      <Filter>Chinatsu</Filter>
    </ClCompile>
    <ClCompile Include="src\Chinatsu\Log.cpp">
      <Filter>Chinatsu</Filter>
    </ClCompile>
  </ItemGroup>
</Project>