<?xml version="1.0" encoding="utf-8"?>
<Project ToolsVersion="4.0" xmlns="http://schemas.microsoft.com/developer/msbuild/2003">
  <ItemGroup>
    <Filter Include="Chinatsu">
      <UniqueIdentifier>{440E8293-30DB-DC9E-59F4-CA464520122D}</UniqueIdentifier>
    </Filter>
    <Filter Include="Chinatsu\Events">
      <UniqueIdentifier>{A885D873-1411-4638-1D22-C92C892CA238}</UniqueIdentifier>
    </Filter>
    <Filter Include="Platform">
      <UniqueIdentifier>{2AC788B4-1694-E3BF-3FAD-D1672BD9184E}</UniqueIdentifier>
    </Filter>
    <Filter Include="Platform\Windows">
      <UniqueIdentifier>{64FBD71A-50F4-F66C-7926-DCF1657ED678}</UniqueIdentifier>
    </Filter>
  </ItemGroup>
  <ItemGroup>
    <ClInclude Include="src\Chinatsu.h" />
    <ClInclude Include="src\Chinatsu\Application.h">
      <Filter>Chinatsu</Filter>
    </ClInclude>
    <ClInclude Include="src\Chinatsu\Core.h">
      <Filter>Chinatsu</Filter>
    </ClInclude>
    <ClInclude Include="src\Chinatsu\EntryPoint.h">
      <Filter>Chinatsu</Filter>
    </ClInclude>
    <ClInclude Include="src\Chinatsu\Events\ApplicationEvent.h">
      <Filter>Chinatsu\Events</Filter>
    </ClInclude>
    <ClInclude Include="src\Chinatsu\Events\Event.h">
      <Filter>Chinatsu\Events</Filter>
    </ClInclude>
    <ClInclude Include="src\Chinatsu\Events\KeyEvent.h">
      <Filter>Chinatsu\Events</Filter>
    </ClInclude>
    <ClInclude Include="src\Chinatsu\Events\MouseEvent.h">
      <Filter>Chinatsu\Events</Filter>
    </ClInclude>
    <ClInclude Include="src\Chinatsu\Layer.h">
      <Filter>Chinatsu</Filter>
    </ClInclude>
    <ClInclude Include="src\Chinatsu\LayerStack.h">
      <Filter>Chinatsu</Filter>
    </ClInclude>
    <ClInclude Include="src\Chinatsu\Log.h">
      <Filter>Chinatsu</Filter>
    </ClInclude>
    <ClInclude Include="src\Chinatsu\Window.h">
      <Filter>Chinatsu</Filter>
    </ClInclude>
    <ClInclude Include="src\Platform\Windows\WindowsWindow.h">
      <Filter>Platform\Windows</Filter>
    </ClInclude>
    <ClInclude Include="src\cnpch.h" />
  </ItemGroup>
  <ItemGroup>
    <ClCompile Include="src\Chinatsu\Application.cpp">
      <Filter>Chinatsu</Filter>
    </ClCompile>
    <ClCompile Include="src\Chinatsu\Layer.cpp">
      <Filter>Chinatsu</Filter>
    </ClCompile>
    <ClCompile Include="src\Chinatsu\LayerStack.cpp">
      <Filter>Chinatsu</Filter>
    </ClCompile>
    <ClCompile Include="src\Chinatsu\Log.cpp">
      <Filter>Chinatsu</Filter>
    </ClCompile>
    <ClCompile Include="src\Platform\Windows\WindowsWindow.cpp">
      <Filter>Platform\Windows</Filter>
    </ClCompile>
    <ClCompile Include="src\cnpch.cpp" />
  </ItemGroup>
</Project>